github.com/minya/goutils v0.0.0-20180115114943-130dc18ce623 h1:o3OTK+6u5VCRaY04CaGknrOlvabfMZGBUJCj4k1GBm8=
github.com/minya/goutils v0.0.0-20180115114943-130dc18ce623/go.mod h1:pv9bqgVMpS0PRT9sVvFIF+tHhk8+RjSzalfFE3eQwwc=
github.com/minya/telegram v0.0.0-20231113003241-d79ae581d469 h1:gIfKF1ZBDI4dMW6SnGLueHWxz9NzfAbQBecKwFpBsOY=
github.com/minya/telegram v0.0.0-20231113003241-d79ae581d469/go.mod h1:Xh1JPLsMchC2JrLvN3uY9d3nwg/i7B1b0QSXvUulksk=
github.com/odwrtw/transmission v0.0.0-20221028215408-b11d7d55c759 h1:r3iRIEQq8R+uCW0PY+ude4yerchKyYhO003kQk0g4pE=
github.com/odwrtw/transmission v0.0.0-20221028215408-b11d7d55c759/go.mod h1:GdV2H0+oYNNdo/vgsMbDBQ9CFrNJkJtpM0CbU/gbdls=
golang.org/x/text v0.14.0 h1:ScX5w1eTa3QqT8oi6+ziP7dTV1S2+ALU0bI+0zXKWiQ=
golang.org/x/text v0.14.0/go.mod h1:18ZOQIKpY8NJVqYksKHtTdi31H5itFRjB5/qKTNYzSU=
